
Microsoft Visual Studio Solution File, Format Version 12.00
# Visual Studio 15
VisualStudioVersion = 15.0.28307.539
MinimumVisualStudioVersion = 10.0.40219.1
Project("{FAE04EC0-301F-11D3-BF4B-00C04F79EFBC}") = "QuartzTest", "Quartz\QuartzTest.csproj", "{125D7A4B-1EDE-4765-9E22-DA4A828973CC}"
EndProject
Global
	GlobalSection(SolutionConfigurationPlatforms) = preSolution
		Debug|Any CPU = Debug|Any CPU
		Release|Any CPU = Release|Any CPU
	EndGlobalSection
	GlobalSection(ProjectConfigurationPlatforms) = postSolution
		{125D7A4B-1EDE-4765-9E22-DA4A828973CC}.Debug|Any CPU.ActiveCfg = Debug|Any CPU
		{125D7A4B-1EDE-4765-9E22-DA4A828973CC}.Debug|Any CPU.Build.0 = Debug|Any CPU
		{125D7A4B-1EDE-4765-9E22-DA4A828973CC}.Release|Any CPU.ActiveCfg = Release|Any CPU
		{125D7A4B-1EDE-4765-9E22-DA4A828973CC}.Release|Any CPU.Build.0 = Release|Any CPU
	EndGlobalSection
	GlobalSection(SolutionProperties) = preSolution
		HideSolutionNode = FALSE
	EndGlobalSection
	GlobalSection(ExtensibilityGlobals) = postSolution
		SolutionGuid = {552ECFCC-8C42-41CB-9E65-962D77FE06A5}
	EndGlobalSection
EndGlobal
